<Solution>
  <Folder Name="/docs/" />
  <Folder Name="/docs/api/">
    <File Path="rest-conventions.md" />
  </Folder>
  <Folder Name="/Elementos de la solución/">
    <File Path="Directory.Build.props" />
    <File Path="global.json" />
  </Folder>
  <Folder Name="/Solution Items/">
    <File Path=".editorconfig" />
  </Folder>
  <Folder Name="/src/">
    <Project Path="src/Bookify.Services.Booking.Api/Bookify.Services.Booking.Api.csproj" />
    <Project Path="src/Bookify.Services.Booking.Application/Bookify.Services.Booking.Application.csproj" />
    <Project Path="src/Bookify.Services.Booking.Domain/Bookify.Services.Booking.Domain.csproj" />
    <Project Path="src/Bookify.Services.Booking.Infrastructure/Bookify.Services.Booking.Infrastructure.csproj" />
  </Folder>
  <Folder Name="/tests/">
    <Project Path="tests/Bookify.Services.Booking.Application.Tests/Bookify.Services.Booking.Application.Tests.csproj" />
    <Project Path="tests/Bookify.Services.Booking.Domain.Tests/Bookify.Services.Booking.Domain.Tests.csproj" />
    <Project Path="tests/Bookify.Services.Booking.IntegrationTests/Bookify.Services.Booking.IntegrationTests.csproj" />
  </Folder>
</Solution>
